
Microsoft Visual Studio Solution File, Format Version 12.00
# Visual Studio Version 17
VisualStudioVersion = 17.3.32819.101
MinimumVisualStudioVersion = 10.0.40219.1
Project("{FAE04EC0-301F-11D3-BF4B-00C04F79EFBC}") = "Ankikun", "Ankikun\Ankikun.csproj", "{28902678-AED4-4B08-AEA7-DD95E95FBDA3}"
EndProject
Global
	GlobalSection(SolutionConfigurationPlatforms) = preSolution
		Debug|Any CPU = Debug|Any CPU
		Release|Any CPU = Release|Any CPU
	EndGlobalSection
	GlobalSection(ProjectConfigurationPlatforms) = postSolution
		{28902678-AED4-4B08-AEA7-DD95E95FBDA3}.Debug|Any CPU.ActiveCfg = Debug|Any CPU
		{28902678-AED4-4B08-AEA7-DD95E95FBDA3}.Debug|Any CPU.Build.0 = Debug|Any CPU
		{28902678-AED4-4B08-AEA7-DD95E95FBDA3}.Release|Any CPU.ActiveCfg = Release|Any CPU
		{28902678-AED4-4B08-AEA7-DD95E95FBDA3}.Release|Any CPU.Build.0 = Release|Any CPU
	EndGlobalSection
	GlobalSection(SolutionProperties) = preSolution
		HideSolutionNode = FALSE
	EndGlobalSection
	GlobalSection(ExtensibilityGlobals) = postSolution
		SolutionGuid = {7253F551-2FFA-4CA3-9072-26BC3AF13A15}
	EndGlobalSection
EndGlobal
